
Microsoft Visual Studio Solution File, Format Version 12.00
# Visual Studio Version 17
VisualStudioVersion = 17.5.002.0
MinimumVisualStudioVersion = 10.0.40219.1
Project("{9A19103F-16F7-4668-BE54-9A1E7A4F7556}") = "Rally.Mvc", "Rally.Mvc\Rally.Mvc.csproj", "{337CFDDB-F56D-4527-91D3-D8A70AE985F1}"
EndProject
Project("{9A19103F-16F7-4668-BE54-9A1E7A4F7556}") = "Rally.Api", "Rally.Api\Rally.Api.csproj", "{F1C37457-D073-4D72-BBA8-36C1756FEE69}"
EndProject
Global
	GlobalSection(SolutionConfigurationPlatforms) = preSolution
		Debug|Any CPU = Debug|Any CPU
		Release|Any CPU = Release|Any CPU
	EndGlobalSection
	GlobalSection(ProjectConfigurationPlatforms) = postSolution
		{337CFDDB-F56D-4527-91D3-D8A70AE985F1}.Debug|Any CPU.ActiveCfg = Debug|Any CPU
		{337CFDDB-F56D-4527-91D3-D8A70AE985F1}.Debug|Any CPU.Build.0 = Debug|Any CPU
		{337CFDDB-F56D-4527-91D3-D8A70AE985F1}.Release|Any CPU.ActiveCfg = Release|Any CPU
		{337CFDDB-F56D-4527-91D3-D8A70AE985F1}.Release|Any CPU.Build.0 = Release|Any CPU
		{F1C37457-D073-4D72-BBA8-36C1756FEE69}.Debug|Any CPU.ActiveCfg = Debug|Any CPU
		{F1C37457-D073-4D72-BBA8-36C1756FEE69}.Debug|Any CPU.Build.0 = Debug|Any CPU
		{F1C37457-D073-4D72-BBA8-36C1756FEE69}.Release|Any CPU.ActiveCfg = Release|Any CPU
		{F1C37457-D073-4D72-BBA8-36C1756FEE69}.Release|Any CPU.Build.0 = Release|Any CPU
	EndGlobalSection
	GlobalSection(SolutionProperties) = preSolution
		HideSolutionNode = FALSE
	EndGlobalSection
	GlobalSection(ExtensibilityGlobals) = postSolution
		SolutionGuid = {79207064-7456-47BC-B694-B1B2A603E482}
	EndGlobalSection
EndGlobal
