Microsoft Visual Studio Solution File, Format Version 12.00
# Visual Studio Version 17
VisualStudioVersion = 17.0.31903.59
MinimumVisualStudioVersion = 10.0.40219.1
Project("{2150E333-8FDC-42A3-9474-1A3956D46DE8}") = "src", "src", "{0136DF10-C10E-4EBA-B770-F3420ABAE5BA}"
EndProject
Project("{2150E333-8FDC-42A3-9474-1A3956D46DE8}") = "test", "test", "{CD9CDCBA-F1A0-4A06-9B63-C5A9ED78DE0B}"
EndProject
Project("{9A19103F-16F7-4668-BE54-9A1E7A4F7556}") = "Rally.Core", "src\Rally.Core\Rally.Core.csproj", "{57489841-17E7-4A7F-A53C-6E214F77EAEA}"
EndProject
Project("{9A19103F-16F7-4668-BE54-9A1E7A4F7556}") = "Rally.Application", "src\Rally.Application\Rally.Application.csproj", "{6F961127-253C-4AB7-BCED-F6F22650650B}"
EndProject
Project("{9A19103F-16F7-4668-BE54-9A1E7A4F7556}") = "Rally.Infrastructure", "src\Rally.Infrastructure\Rally.Infrastructure.csproj", "{8F4EECFD-886D-4271-8A39-5BE93FD1CA23}"
EndProject
Project("{9A19103F-16F7-4668-BE54-9A1E7A4F7556}") = "Rally.Api", "src\Rally.Api\Rally.Api.csproj", "{DE35B047-D95D-456A-B8E0-A7C8FBAB9DE2}"
EndProject
Project("{9A19103F-16F7-4668-BE54-9A1E7A4F7556}") = "Rally.Application.Tests", "Rally.Application.Tests\Rally.Application.Tests.csproj", "{CAD3A487-6F84-4719-9C9D-5376104EA47E}"
EndProject
Project("{FAE04EC0-301F-11D3-BF4B-00C04F79EFBC}") = "Infrastructure.Test", "Infrastructure.Test\Infrastructure.Test.csproj", "{908511E5-BA5C-43A2-B2EE-BFB325176536}"
EndProject
Global
	GlobalSection(SolutionConfigurationPlatforms) = preSolution
		Debug|Any CPU = Debug|Any CPU
		Release|Any CPU = Release|Any CPU
	EndGlobalSection
	GlobalSection(ProjectConfigurationPlatforms) = postSolution
		{57489841-17E7-4A7F-A53C-6E214F77EAEA}.Debug|Any CPU.ActiveCfg = Debug|Any CPU
		{57489841-17E7-4A7F-A53C-6E214F77EAEA}.Debug|Any CPU.Build.0 = Debug|Any CPU
		{57489841-17E7-4A7F-A53C-6E214F77EAEA}.Release|Any CPU.ActiveCfg = Release|Any CPU
		{57489841-17E7-4A7F-A53C-6E214F77EAEA}.Release|Any CPU.Build.0 = Release|Any CPU
		{6F961127-253C-4AB7-BCED-F6F22650650B}.Debug|Any CPU.ActiveCfg = Debug|Any CPU
		{6F961127-253C-4AB7-BCED-F6F22650650B}.Debug|Any CPU.Build.0 = Debug|Any CPU
		{6F961127-253C-4AB7-BCED-F6F22650650B}.Release|Any CPU.ActiveCfg = Release|Any CPU
		{6F961127-253C-4AB7-BCED-F6F22650650B}.Release|Any CPU.Build.0 = Release|Any CPU
		{8F4EECFD-886D-4271-8A39-5BE93FD1CA23}.Debug|Any CPU.ActiveCfg = Debug|Any CPU
		{8F4EECFD-886D-4271-8A39-5BE93FD1CA23}.Debug|Any CPU.Build.0 = Debug|Any CPU
		{8F4EECFD-886D-4271-8A39-5BE93FD1CA23}.Release|Any CPU.ActiveCfg = Release|Any CPU
		{8F4EECFD-886D-4271-8A39-5BE93FD1CA23}.Release|Any CPU.Build.0 = Release|Any CPU
		{DE35B047-D95D-456A-B8E0-A7C8FBAB9DE2}.Debug|Any CPU.ActiveCfg = Debug|Any CPU
		{DE35B047-D95D-456A-B8E0-A7C8FBAB9DE2}.Debug|Any CPU.Build.0 = Debug|Any CPU
		{DE35B047-D95D-456A-B8E0-A7C8FBAB9DE2}.Release|Any CPU.ActiveCfg = Release|Any CPU
		{DE35B047-D95D-456A-B8E0-A7C8FBAB9DE2}.Release|Any CPU.Build.0 = Release|Any CPU
		{CAD3A487-6F84-4719-9C9D-5376104EA47E}.Debug|Any CPU.ActiveCfg = Debug|Any CPU
		{CAD3A487-6F84-4719-9C9D-5376104EA47E}.Debug|Any CPU.Build.0 = Debug|Any CPU
		{CAD3A487-6F84-4719-9C9D-5376104EA47E}.Release|Any CPU.ActiveCfg = Release|Any CPU
		{CAD3A487-6F84-4719-9C9D-5376104EA47E}.Release|Any CPU.Build.0 = Release|Any CPU
		{908511E5-BA5C-43A2-B2EE-BFB325176536}.Debug|Any CPU.ActiveCfg = Debug|Any CPU
		{908511E5-BA5C-43A2-B2EE-BFB325176536}.Debug|Any CPU.Build.0 = Debug|Any CPU
		{908511E5-BA5C-43A2-B2EE-BFB325176536}.Release|Any CPU.ActiveCfg = Release|Any CPU
		{908511E5-BA5C-43A2-B2EE-BFB325176536}.Release|Any CPU.Build.0 = Release|Any CPU

	EndGlobalSection
	GlobalSection(SolutionProperties) = preSolution
		HideSolutionNode = FALSE
	EndGlobalSection
	GlobalSection(NestedProjects) = preSolution
		{57489841-17E7-4A7F-A53C-6E214F77EAEA} = {0136DF10-C10E-4EBA-B770-F3420ABAE5BA}
		{6F961127-253C-4AB7-BCED-F6F22650650B} = {0136DF10-C10E-4EBA-B770-F3420ABAE5BA}
		{8F4EECFD-886D-4271-8A39-5BE93FD1CA23} = {0136DF10-C10E-4EBA-B770-F3420ABAE5BA}
		{DE35B047-D95D-456A-B8E0-A7C8FBAB9DE2} = {0136DF10-C10E-4EBA-B770-F3420ABAE5BA}
		{CAD3A487-6F84-4719-9C9D-5376104EA47E} = {CD9CDCBA-F1A0-4A06-9B63-C5A9ED78DE0B}
		{908511E5-BA5C-43A2-B2EE-BFB325176536} = {CD9CDCBA-F1A0-4A06-9B63-C5A9ED78DE0B}
	EndGlobalSection
	GlobalSection(ExtensibilityGlobals) = postSolution
		SolutionGuid = {1DA25906-1F78-462E-A8A3-4BBAC92DC036}
	EndGlobalSection
EndGlobal
